{
	"name": "IzzatiTest",
	"version": "0.0.1",
	"lockfileVersion": 1,
	"requires": true,
	"dependencies": {
		"babel-jest": {
			"version": "20.0.3",
			"resolved": "https://registry.npmjs.org/babel-jest/-/babel-jest-20.0.3.tgz",
			"integrity": "sha1-5KA7E9wQOJ4UD8ZF0J/8TO0wFnE=",
			"dev": true
		},
		"babel-preset-react-native": {
			"version": "2.0.0",
			"resolved": "https://registry.npmjs.org/babel-preset-react-native/-/babel-preset-react-native-2.0.0.tgz",
			"integrity": "sha1-wmxwZsc5nfMJJvoDwBLvh/LM5bc=",
			"dev": true
		},
		"jest": {
			"version": "20.0.4",
			"resolved": "https://registry.npmjs.org/jest/-/jest-20.0.4.tgz",
			"integrity": "sha1-PdJgwpidba1nix6cxNkZRPbWAqw=",
			"dev": true,
			"dependencies": {
				"camelcase": {
					"version": "3.0.0",
					"resolved": "https://registry.npmjs.org/camelcase/-/camelcase-3.0.0.tgz",
					"integrity": "sha1-MvxLn82vhF/N9+c7uXysImHwqwo="
				},
				"cliui": {
					"version": "3.2.0",
					"resolved": "https://registry.npmjs.org/cliui/-/cliui-3.2.0.tgz",
					"integrity": "sha1-EgYBU3qRbSmUD5NNo7SNWFo5IT0="
				},
				"jest-cli": {
					"version": "20.0.4",
					"resolved": "https://registry.npmjs.org/jest-cli/-/jest-cli-20.0.4.tgz",
					"integrity": "sha1-5TKxnYiuW8bEF+iwWTpv6VSx3JM="
				},
				"yargs": {
					"version": "7.1.0",
					"resolved": "https://registry.npmjs.org/yargs/-/yargs-7.1.0.tgz",
					"integrity": "sha1-a6MY6xaWFyf10oT46gA+jWFU0Mg="
				},
				"yargs-parser": {
					"version": "5.0.0",
					"resolved": "https://registry.npmjs.org/yargs-parser/-/yargs-parser-5.0.0.tgz",
					"integrity": "sha1-J17PDX/+Bcd+ZOfIbkzZS/DhIoo="
				}
			}
		},
		"react": {
			"version": "16.0.0-alpha.12",
			"resolved": "https://registry.npmjs.org/react/-/react-16.0.0-alpha.12.tgz",
			"integrity": "sha1-jFlIUoFIXfMZtvd2gtjdBiHAgZQ="
		},
		"react-native": {
			"version": "0.45.1",
			"resolved": "https://registry.npmjs.org/react-native/-/react-native-0.45.1.tgz",
			"integrity": "sha1-syg8SogjNCH5xmKi/xpMzIqfB8A=",
			"dependencies": {
				"babel-preset-react-native": {
					"version": "1.9.2",
					"resolved": "https://registry.npmjs.org/babel-preset-react-native/-/babel-preset-react-native-1.9.2.tgz",
					"integrity": "sha1-sird0uNV/zs5Zxt5voB+Ut+hRfI="
				},
				"core-js": {
					"version": "2.4.1",
					"resolved": "https://registry.npmjs.org/core-js/-/core-js-2.4.1.tgz",
					"integrity": "sha1-TekR5mew6ukSTjQlS1OupvxhjT4="
				},
				"whatwg-fetch": {
					"version": "1.1.1",
					"resolved": "https://registry.npmjs.org/whatwg-fetch/-/whatwg-fetch-1.1.1.tgz",
					"integrity": "sha1-rDydOfMgxtzlM5lp0FTvQ90zMxk="
				}
			}
		},
		"react-native-fetch-blob": {
			"version": "0.10.6",
			"resolved": "https://registry.npmjs.org/react-native-fetch-blob/-/react-native-fetch-blob-0.10.6.tgz",
			"integrity": "sha1-oAnJm79PNoHsyZHSU5hojcOPk/w="
		},
		"react-native-image-picker": {
			"version": "0.26.3",
			"resolved": "https://registry.npmjs.org/react-native-image-picker/-/react-native-image-picker-0.26.3.tgz",
			"integrity": "sha1-CtLu3klQGnBG2ARqc4E2llOcPc0="
		},
		"react-native-image-resizer": {
			"version": "0.1.1",
			"resolved": "https://registry.npmjs.org/react-native-image-resizer/-/react-native-image-resizer-0.1.1.tgz",
			"integrity": "sha1-Kryshdl+CIVLLecW1ilTu64APHc="
		},
		"react-native-izzati": {
			"version": "github:kusti8/izzati-js#ead2e728f6f261239ddefe98778c5cdf4425a005",
			"from": "react-native-izzati@github:kusti8/izzati-js#ead2e728f6f261239ddefe98778c5cdf4425a005"
		},
		"react-test-renderer": {
			"version": "16.0.0-alpha.12",
			"resolved": "https://registry.npmjs.org/react-test-renderer/-/react-test-renderer-16.0.0-alpha.12.tgz",
			"integrity": "sha1-nkzF2M6L/KcneDQN4+FFS51sDMU=",
			"dev": true
		}
	}
}
